PODS:
  - AlipaySDK-iOS (15.5.9)
  - device_info (0.0.1):
    - Flutter
  - fake_alipay (0.0.1):
    - AlipaySDK-iOS (~> 15.5.5)
    - Flutter
  - Flutter (1.0.0)
  - flutter_webview_plugin (0.0.1):
    - Flutter
  - FMDB (2.7.5):
    - FMDB/standard (= 2.7.5)
  - FMDB/standard (2.7.5)
  - launch_review (0.0.1):
    - Flutter
  - mob_sharesdk (4.3.6):
    - mob_sharesdk/ShareSDK (= 4.3.6)
    - MOBFoundation (>= 3.2.9)
  - mob_sharesdk/ShareSDK (4.3.6):
    - MOBFoundation (>= 3.2.9)
  - mob_sharesdk/ShareSDKExtension (4.3.6):
    - mob_sharesdk/ShareSDK
    - MOBFoundation (>= 3.2.9)
  - mob_sharesdk/ShareSDKPlatforms/Douyin (4.3.6):
    - mob_sharesdk/ShareSDK
    - MOBFoundation (>= 3.2.9)
  - mob_sharesdk/ShareSDKPlatforms/Facebook (4.3.6):
    - mob_sharesdk/ShareSDK
    - MOBFoundation (>= 3.2.9)
  - mob_sharesdk/ShareSDKPlatforms/Oasis (4.3.6):
    - mob_sharesdk/ShareSDK
    - MOBFoundation (>= 3.2.9)
  - mob_sharesdk/ShareSDKPlatforms/QQ (4.3.6):
    - mob_sharesdk/ShareSDK
    - MOBFoundation (>= 3.2.9)
  - mob_sharesdk/ShareSDKPlatforms/SinaWeibo (4.3.6):
    - mob_sharesdk/ShareSDK
    - MOBFoundation (>= 3.2.9)
  - mob_sharesdk/ShareSDKPlatforms/Twitter (4.3.6):
    - mob_sharesdk/ShareSDK
    - MOBFoundation (>= 3.2.9)
  - mob_sharesdk/ShareSDKPlatforms/WeChat (4.3.6):
    - mob_sharesdk/ShareSDK
    - MOBFoundation (>= 3.2.9)
  - mob_sharesdk/ShareSDKRestoreScene (4.3.6):
    - mob_sharesdk/ShareSDKExtension
    - MOBFoundation (>= 3.2.9)
  - mob_sharesdk/ShareSDKUI (4.3.6):
    - mob_sharesdk/ShareSDK
    - MOBFoundation (>= 3.2.9)
  - MOBFoundation (3.2.11)
  - package_info (0.0.1):
    - Flutter
  - path_provider (0.0.1):
    - Flutter
  - path_provider_macos (0.0.1):
    - Flutter
  - "permission_handler (4.4.0+hotfix.4)":
    - Flutter
  - share (0.5.2):
    - Flutter
  - shared_preferences (0.0.1):
    - Flutter
  - shared_preferences_macos (0.0.1):
    - Flutter
  - shared_preferences_web (0.0.1):
    - Flutter
  - sharesdk_plugin (1.1.0):
    - Flutter
    - mob_sharesdk
    - mob_sharesdk/ShareSDKExtension
    - mob_sharesdk/ShareSDKPlatforms/Douyin
    - mob_sharesdk/ShareSDKPlatforms/Facebook
    - mob_sharesdk/ShareSDKPlatforms/Oasis
    - mob_sharesdk/ShareSDKPlatforms/QQ
    - mob_sharesdk/ShareSDKPlatforms/SinaWeibo
    - mob_sharesdk/ShareSDKPlatforms/Twitter
    - mob_sharesdk/ShareSDKPlatforms/WeChat
    - mob_sharesdk/ShareSDKRestoreScene
    - mob_sharesdk/ShareSDKUI
  - sqflite (0.0.1):
    - Flutter
    - FMDB (~> 2.7.2)
  - url_launcher (0.0.1):
    - Flutter
  - url_launcher_macos (0.0.1):
    - Flutter
  - url_launcher_web (0.0.1):
    - Flutter
  - webview_flutter (0.0.1):
    - Flutter

DEPENDENCIES:
  - device_info (from `.symlinks/plugins/device_info/ios`)
  - fake_alipay (from `.symlinks/plugins/fake_alipay/ios`)
  - Flutter (from `Flutter`)
  - flutter_webview_plugin (from `.symlinks/plugins/flutter_webview_plugin/ios`)
  - launch_review (from `.symlinks/plugins/launch_review/ios`)
  - mob_sharesdk
  - mob_sharesdk/ShareSDKExtension
  - mob_sharesdk/ShareSDKPlatforms/QQ
  - mob_sharesdk/ShareSDKPlatforms/WeChat
  - mob_sharesdk/ShareSDKUI
  - package_info (from `.symlinks/plugins/package_info/ios`)
  - path_provider (from `.symlinks/plugins/path_provider/ios`)
  - path_provider_macos (from `.symlinks/plugins/path_provider_macos/ios`)
  - permission_handler (from `.symlinks/plugins/permission_handler/ios`)
  - share (from `.symlinks/plugins/share/ios`)
  - shared_preferences (from `.symlinks/plugins/shared_preferences/ios`)
  - shared_preferences_macos (from `.symlinks/plugins/shared_preferences_macos/ios`)
  - shared_preferences_web (from `.symlinks/plugins/shared_preferences_web/ios`)
  - sharesdk_plugin (from `.symlinks/plugins/sharesdk_plugin/ios`)
  - sqflite (from `.symlinks/plugins/sqflite/ios`)
  - url_launcher (from `.symlinks/plugins/url_launcher/ios`)
  - url_launcher_macos (from `.symlinks/plugins/url_launcher_macos/ios`)
  - url_launcher_web (from `.symlinks/plugins/url_launcher_web/ios`)
  - webview_flutter (from `.symlinks/plugins/webview_flutter/ios`)

SPEC REPOS:
  https://mirrors.tuna.tsinghua.edu.cn/git/CocoaPods/Specs.git:
    - AlipaySDK-iOS
    - FMDB
    - mob_sharesdk
    - MOBFoundation

EXTERNAL SOURCES:
  device_info:
    :path: ".symlinks/plugins/device_info/ios"
  fake_alipay:
    :path: ".symlinks/plugins/fake_alipay/ios"
  Flutter:
    :path: Flutter
  flutter_webview_plugin:
    :path: ".symlinks/plugins/flutter_webview_plugin/ios"
  launch_review:
    :path: ".symlinks/plugins/launch_review/ios"
  package_info:
    :path: ".symlinks/plugins/package_info/ios"
  path_provider:
    :path: ".symlinks/plugins/path_provider/ios"
  path_provider_macos:
    :path: ".symlinks/plugins/path_provider_macos/ios"
  permission_handler:
    :path: ".symlinks/plugins/permission_handler/ios"
  share:
    :path: ".symlinks/plugins/share/ios"
  shared_preferences:
    :path: ".symlinks/plugins/shared_preferences/ios"
  shared_preferences_macos:
    :path: ".symlinks/plugins/shared_preferences_macos/ios"
  shared_preferences_web:
    :path: ".symlinks/plugins/shared_preferences_web/ios"
  sharesdk_plugin:
    :path: ".symlinks/plugins/sharesdk_plugin/ios"
  sqflite:
    :path: ".symlinks/plugins/sqflite/ios"
  url_launcher:
    :path: ".symlinks/plugins/url_launcher/ios"
  url_launcher_macos:
    :path: ".symlinks/plugins/url_launcher_macos/ios"
  url_launcher_web:
    :path: ".symlinks/plugins/url_launcher_web/ios"
  webview_flutter:
    :path: ".symlinks/plugins/webview_flutter/ios"

SPEC CHECKSUMS:
  AlipaySDK-iOS: 1c5283b30977a24acecc0114662697f7dc78f618
  device_info: cbf09d2ec12aa7110e0b09fabe54b5bd6c8efe74
  fake_alipay: ee8883cc6c794db2b38b53cb05840368085d1e63
  Flutter: 0e3d915762c693b495b44d77113d4970485de6ec
  flutter_webview_plugin: ed9e8a6a96baf0c867e90e1bce2673913eeac694
  FMDB: 2ce00b547f966261cd18927a3ddb07cb6f3db82a
  launch_review: 75d5a956ba8eaa493e9c9d4bf4c05e505e8d5ed0
  mob_sharesdk: c7c69b2a51d99949627fb2ea9f4f581528c012cc
  MOBFoundation: 64bb7a145f093ca1f3e8a6b338ec1e278af7d566
  package_info: 48b108e75b8802c2d5e126f208ef540561c98aef
  path_provider: fb74bd0465e96b594bb3b5088ee4a4e7bb1f2a9d
  path_provider_macos: f760a3c5b04357c380e2fddb6f9db6f3015897e0
  permission_handler: 8278954f2382902f63f00dd8828769c0bd6d511b
  share: 7d22fe8baedfe93aefd864bf0b73f29711fbb0a3
  shared_preferences: 430726339841afefe5142b9c1f50cb6bd7793e01
  shared_preferences_macos: f3f29b71ccbb56bf40c9dd6396c9acf15e214087
  shared_preferences_web: 141cce0c3ed1a1c5bf2a0e44f52d31eeb66e5ea9
  sharesdk_plugin: d778833c2ca3af2f42a8c1516aedfc049a3bc309
  sqflite: 4001a31ff81d210346b500c55b17f4d6c7589dd0
  url_launcher: a1c0cc845906122c4784c542523d8cacbded5626
  url_launcher_macos: fd7894421cd39320dce5f292fc99ea9270b2a313
  url_launcher_web: e5527357f037c87560776e36436bf2b0288b965c
  webview_flutter: bec7599de6bfbe8008a739aa3ebd7b364ea9d0cd

PODFILE CHECKSUM: 892e2b2ddb3d3dc9dbba400644d3b7fda2d4bb02

COCOAPODS: 1.9.0
